{
    "name": "codex-meter",
    "version": "0.5.3",
    "lockfileVersion": 3,
    "requires": true,
    "packages": {
        "": {
            "name": "codex-meter",
            "version": "0.5.3",
            "license": "GPL-3.0-or-later",
            "dependencies": {
                "@girs/gjs": "^4.0.0-rc.9",
                "@girs/gnome-shell": "^50.0.0"
            },
            "devDependencies": {
                "typescript": "^6.0.3"
            }
        },
        "node_modules/@girs/accountsservice-1.0": {
            "version": "1.0.0-4.0.0-rc.9",
            "resolved": "https://registry.npmjs.org/@girs/accountsservice-1.0/-/accountsservice-1.0-1.0.0-4.0.0-rc.9.tgz",
            "integrity": "sha512-8duXs1yABr8POmqhnJjnU8pIrOmSdzRMdFjHhHgJeqZslU9oNB5qY47k0tVeIhzGREQ3kTWM6Fx57mzPVn8Stw==",
            "license": "MIT",
            "dependencies": {
                "@girs/gio-2.0": "2.88.0-4.0.0-rc.9",
                "@girs/gjs": "4.0.0-rc.9",
                "@girs/glib-2.0": "2.88.0-4.0.0-rc.9",
                "@girs/gmodule-2.0": "2.0.0-4.0.0-rc.9",
                "@girs/gobject-2.0": "2.88.0-4.0.0-rc.9"
            }
        },
        "node_modules/@girs/adw-1": {
            "version": "1.10.0-4.0.0-rc.9",
            "resolved": "https://registry.npmjs.org/@girs/adw-1/-/adw-1-1.10.0-4.0.0-rc.9.tgz",
            "integrity": "sha512-4B5U3QeEHnFUMs6YqKCq3SoCAamjtialC1VgCcMcL6J+aUaLb0cLKad0Vpld77FMyF7FuHmqBoTJGXudKnDDSw==",
            "license": "MIT",
            "dependencies": {
                "@girs/cairo-1.0": "1.0.0-4.0.0-rc.9",
                "@girs/freetype2-2.0": "2.0.0-4.0.0-rc.9",
                "@girs/gdk-4.0": "4.0.0-4.0.0-rc.9",
                "@girs/gdkpixbuf-2.0": "2.0.0-4.0.0-rc.9",
                "@girs/gio-2.0": "2.88.0-4.0.0-rc.9",
                "@girs/gjs": "4.0.0-rc.9",
                "@girs/glib-2.0": "2.88.0-4.0.0-rc.9",
                "@girs/gmodule-2.0": "2.0.0-4.0.0-rc.9",
                "@girs/gobject-2.0": "2.88.0-4.0.0-rc.9",
                "@girs/graphene-1.0": "1.0.0-4.0.0-rc.9",
                "@girs/gsk-4.0": "4.0.0-4.0.0-rc.9",
                "@girs/gtk-4.0": "4.23.0-4.0.0-rc.9",
                "@girs/harfbuzz-0.0": "13.2.1-4.0.0-rc.9",
                "@girs/pango-1.0": "1.57.1-4.0.0-rc.9",
                "@girs/pangocairo-1.0": "1.0.0-4.0.0-rc.9"
            }
        },
        "node_modules/@girs/atk-1.0": {
            "version": "2.60.0-4.0.0-rc.9",
            "resolved": "https://registry.npmjs.org/@girs/atk-1.0/-/atk-1.0-2.60.0-4.0.0-rc.9.tgz",
            "integrity": "sha512-HkLEKh/4jdY078iYQFILumcDXgtrpVwxWD4Db4HfFcMJMppy2/Rcw1Ng+teRPPkMAmtNNu/LsoyMMtJFFhUccg==",
            "license": "MIT",
            "dependencies": {
                "@girs/gjs": "4.0.0-rc.9",
                "@girs/glib-2.0": "2.88.0-4.0.0-rc.9",
                "@girs/gobject-2.0": "2.88.0-4.0.0-rc.9"
            }
        },
        "node_modules/@girs/cairo-1.0": {
            "version": "1.0.0-4.0.0-rc.9",
            "resolved": "https://registry.npmjs.org/@girs/cairo-1.0/-/cairo-1.0-1.0.0-4.0.0-rc.9.tgz",
            "integrity": "sha512-zeY4NcJvQL8UTkyvWQY0ZRe8MgVu3ldartR+ML8oPH/gGys8l2TK1yCO5RvGZbBHt+jeJy7ZRSOC4IwL3yWaAg==",
            "license": "MIT",
            "dependencies": {
                "@girs/gjs": "4.0.0-rc.9",
                "@girs/glib-2.0": "2.88.0-4.0.0-rc.9",
                "@girs/gobject-2.0": "2.88.0-4.0.0-rc.9"
            }
        },
        "node_modules/@girs/clutter-18": {
            "version": "18.0.0-4.0.0-rc.9",
            "resolved": "https://registry.npmjs.org/@girs/clutter-18/-/clutter-18-18.0.0-4.0.0-rc.9.tgz",
            "integrity": "sha512-7Cc8eTIJjjZgBNpyxJL9bjttjzmK4aemHOPdWapepB8h36HGgniavmihlEmLLIq1MG2CBm9/yF/ZxLSeqfjEzA==",
            "license": "MIT",
            "dependencies": {
                "@girs/atk-1.0": "2.60.0-4.0.0-rc.9",
                "@girs/cairo-1.0": "1.0.0-4.0.0-rc.9",
                "@girs/cogl-18": "18.0.0-4.0.0-rc.9",
                "@girs/freetype2-2.0": "2.0.0-4.0.0-rc.9",
                "@girs/gio-2.0": "2.88.0-4.0.0-rc.9",
                "@girs/gjs": "4.0.0-rc.9",
                "@girs/gl-1.0": "1.0.0-4.0.0-rc.9",
                "@girs/glib-2.0": "2.88.0-4.0.0-rc.9",
                "@girs/gmodule-2.0": "2.0.0-4.0.0-rc.9",
                "@girs/gobject-2.0": "2.88.0-4.0.0-rc.9",
                "@girs/graphene-1.0": "1.0.0-4.0.0-rc.9",
                "@girs/harfbuzz-0.0": "13.2.1-4.0.0-rc.9",
                "@girs/mtk-18": "18.0.0-4.0.0-rc.9",
                "@girs/pango-1.0": "1.57.1-4.0.0-rc.9"
            }
        },
        "node_modules/@girs/cogl-18": {
            "version": "18.0.0-4.0.0-rc.9",
            "resolved": "https://registry.npmjs.org/@girs/cogl-18/-/cogl-18-18.0.0-4.0.0-rc.9.tgz",
            "integrity": "sha512-BWhNUyNl31T7kItXyHeCHomhlasrhk+PJ1rfJmnah8b6qeMqg7MFn5Q0zlN4finhPUjpuq2iwwNNgElDYO2ECw==",
            "license": "MIT",
            "dependencies": {
                "@girs/gjs": "4.0.0-rc.9",
                "@girs/gl-1.0": "1.0.0-4.0.0-rc.9",
                "@girs/glib-2.0": "2.88.0-4.0.0-rc.9",
                "@girs/gobject-2.0": "2.88.0-4.0.0-rc.9",
                "@girs/graphene-1.0": "1.0.0-4.0.0-rc.9",
                "@girs/mtk-18": "18.0.0-4.0.0-rc.9"
            }
        },
        "node_modules/@girs/cogl-2.0": {
            "version": "2.0.0-4.0.0-rc.9",
            "resolved": "https://registry.npmjs.org/@girs/cogl-2.0/-/cogl-2.0-2.0.0-4.0.0-rc.9.tgz",
            "integrity": "sha512-FPJJyAFsZIdikS/yzRkSTitBqh0da1U4iWZEUwV1+eHgoSsGbYa+03cL5n2n63RzdqobhqrykYGen2J/ONuNIg==",
            "license": "MIT",
            "dependencies": {
                "@girs/gjs": "4.0.0-rc.9",
                "@girs/gl-1.0": "1.0.0-4.0.0-rc.9",
                "@girs/glib-2.0": "2.88.0-4.0.0-rc.9",
                "@girs/gobject-2.0": "2.88.0-4.0.0-rc.9"
            }
        },
        "node_modules/@girs/freetype2-2.0": {
            "version": "2.0.0-4.0.0-rc.9",
            "resolved": "https://registry.npmjs.org/@girs/freetype2-2.0/-/freetype2-2.0-2.0.0-4.0.0-rc.9.tgz",
            "integrity": "sha512-9KJmu8I8i7GzWuIkrb+HydeHmzt5QcLk6yJ2AkGleEAippv9+Tmj5BdPlZ4E2H9MMxPEJKI/KWpJeM9AwFodPQ==",
            "license": "MIT",
            "dependencies": {
                "@girs/gjs": "4.0.0-rc.9",
                "@girs/gobject-2.0": "2.88.0-4.0.0-rc.9"
            }
        },
        "node_modules/@girs/gck-2": {
            "version": "4.4.0-4.0.0-rc.9",
            "resolved": "https://registry.npmjs.org/@girs/gck-2/-/gck-2-4.4.0-4.0.0-rc.9.tgz",
            "integrity": "sha512-lvAZfNfe7vqTs+djPKGEJ8Nn/KhEyM+8dDbvvMM1sd7ODntOYG4iN9SyGEHWWI6a+UsMBqWHA46THMU84+J3QA==",
            "license": "MIT",
            "dependencies": {
                "@girs/gio-2.0": "2.88.0-4.0.0-rc.9",
                "@girs/gjs": "4.0.0-rc.9",
                "@girs/glib-2.0": "2.88.0-4.0.0-rc.9",
                "@girs/gmodule-2.0": "2.0.0-4.0.0-rc.9",
                "@girs/gobject-2.0": "2.88.0-4.0.0-rc.9"
            }
        },
        "node_modules/@girs/gcr-4": {
            "version": "4.4.0-4.0.0-rc.9",
            "resolved": "https://registry.npmjs.org/@girs/gcr-4/-/gcr-4-4.4.0-4.0.0-rc.9.tgz",
            "integrity": "sha512-yLyJE+QciI+t+jQ4A2kP2T4WQAxXIjCIPLZF2PxPCwsNt20ZQC6WppMg4FMbolVtnHnVZyb6+2Qx9ubTU6kQLg==",
            "license": "MIT",
            "dependencies": {
                "@girs/gck-2": "4.4.0-4.0.0-rc.9",
                "@girs/gio-2.0": "2.88.0-4.0.0-rc.9",
                "@girs/gjs": "4.0.0-rc.9",
                "@girs/glib-2.0": "2.88.0-4.0.0-rc.9",
                "@girs/gmodule-2.0": "2.0.0-4.0.0-rc.9",
                "@girs/gobject-2.0": "2.88.0-4.0.0-rc.9"
            }
        },
        "node_modules/@girs/gdesktopenums-3.0": {
            "version": "3.0.0-4.0.0-rc.9",
            "resolved": "https://registry.npmjs.org/@girs/gdesktopenums-3.0/-/gdesktopenums-3.0-3.0.0-4.0.0-rc.9.tgz",
            "integrity": "sha512-0QVmQvhPoYhwGFIT1exQEDxRV9Ej5AnSdRjJD4T4dEPmiAYTkvhpLMmT7Vutyr1iRWYLYO3M2AXF0z2X6fVpDA==",
            "license": "MIT",
            "dependencies": {
                "@girs/gjs": "4.0.0-rc.9",
                "@girs/gobject-2.0": "2.88.0-4.0.0-rc.9"
            }
        },
        "node_modules/@girs/gdk-4.0": {
            "version": "4.0.0-4.0.0-rc.9",
            "resolved": "https://registry.npmjs.org/@girs/gdk-4.0/-/gdk-4.0-4.0.0-4.0.0-rc.9.tgz",
            "integrity": "sha512-tE5/URxYzmIx0xaj24YNkWMrFfWW7guMhsE6e8jJo7VF1tn6DNakdRZb0vTzIvWg6MxG4d8TPFKn/z/t1poQLA==",
            "license": "MIT",
            "dependencies": {
                "@girs/cairo-1.0": "1.0.0-4.0.0-rc.9",
                "@girs/freetype2-2.0": "2.0.0-4.0.0-rc.9",
                "@girs/gdkpixbuf-2.0": "2.0.0-4.0.0-rc.9",
                "@girs/gio-2.0": "2.88.0-4.0.0-rc.9",
                "@girs/gjs": "4.0.0-rc.9",
                "@girs/glib-2.0": "2.88.0-4.0.0-rc.9",
                "@girs/gmodule-2.0": "2.0.0-4.0.0-rc.9",
                "@girs/gobject-2.0": "2.88.0-4.0.0-rc.9",
                "@girs/harfbuzz-0.0": "13.2.1-4.0.0-rc.9",
                "@girs/pango-1.0": "1.57.1-4.0.0-rc.9",
                "@girs/pangocairo-1.0": "1.0.0-4.0.0-rc.9"
            }
        },
        "node_modules/@girs/gdkpixbuf-2.0": {
            "version": "2.0.0-4.0.0-rc.9",
            "resolved": "https://registry.npmjs.org/@girs/gdkpixbuf-2.0/-/gdkpixbuf-2.0-2.0.0-4.0.0-rc.9.tgz",
            "integrity": "sha512-QSYPmHzE8zKBlu2sTHHUFf+GHFwR31txcE2B2mgVt/LYPQJQUPO5/mdDwnfUlGFgsMw3pDepbeyU81daJIPL+Q==",
            "license": "MIT",
            "dependencies": {
                "@girs/gio-2.0": "2.88.0-4.0.0-rc.9",
                "@girs/gjs": "4.0.0-rc.9",
                "@girs/glib-2.0": "2.88.0-4.0.0-rc.9",
                "@girs/gmodule-2.0": "2.0.0-4.0.0-rc.9",
                "@girs/gobject-2.0": "2.88.0-4.0.0-rc.9"
            }
        },
        "node_modules/@girs/gdm-1.0": {
            "version": "1.0.0-4.0.0-rc.9",
            "resolved": "https://registry.npmjs.org/@girs/gdm-1.0/-/gdm-1.0-1.0.0-4.0.0-rc.9.tgz",
            "integrity": "sha512-0+Sr4mZGHI/b3J6XdVNrpW3M4AnqufBkdztHqb8PVdXI/4aPTBqxFnmHT11JljgoMSHd5NJtzsc9HNl7DJYpKA==",
            "license": "MIT",
            "dependencies": {
                "@girs/gio-2.0": "2.88.0-4.0.0-rc.9",
                "@girs/gjs": "4.0.0-rc.9",
                "@girs/glib-2.0": "2.88.0-4.0.0-rc.9",
                "@girs/gmodule-2.0": "2.0.0-4.0.0-rc.9",
                "@girs/gobject-2.0": "2.88.0-4.0.0-rc.9"
            }
        },
        "node_modules/@girs/gio-2.0": {
            "version": "2.88.0-4.0.0-rc.9",
            "resolved": "https://registry.npmjs.org/@girs/gio-2.0/-/gio-2.0-2.88.0-4.0.0-rc.9.tgz",
            "integrity": "sha512-ESoyk4ybL1/T09B7J/vgzF00GTI9KWQhDMtwTH8fMEBrubfzQD+Z9LL5v9du8+Flt3yR5RquajCkmg3aXk9jWA==",
            "license": "MIT",
            "dependencies": {
                "@girs/gjs": "4.0.0-rc.9",
                "@girs/glib-2.0": "2.88.0-4.0.0-rc.9",
                "@girs/gmodule-2.0": "2.0.0-4.0.0-rc.9",
                "@girs/gobject-2.0": "2.88.0-4.0.0-rc.9"
            }
        },
        "node_modules/@girs/giounix-2.0": {
            "version": "2.0.0-4.0.0-rc.9",
            "resolved": "https://registry.npmjs.org/@girs/giounix-2.0/-/giounix-2.0-2.0.0-4.0.0-rc.9.tgz",
            "integrity": "sha512-kxZrKi0Gp7jSAYuNLF9ioWVfHXSB2j/kDPwUk7UJP9aJWYqZ5OFOD7qVw3gf+XryX0s4/vyRIscjdbEdbW/pUQ==",
            "license": "MIT",
            "dependencies": {
                "@girs/gio-2.0": "2.88.0-4.0.0-rc.9",
                "@girs/gjs": "4.0.0-rc.9",
                "@girs/glib-2.0": "2.88.0-4.0.0-rc.9",
                "@girs/gmodule-2.0": "2.0.0-4.0.0-rc.9",
                "@girs/gobject-2.0": "2.88.0-4.0.0-rc.9"
            }
        },
        "node_modules/@girs/gjs": {
            "version": "4.0.0-rc.9",
            "resolved": "https://registry.npmjs.org/@girs/gjs/-/gjs-4.0.0-rc.9.tgz",
            "integrity": "sha512-lTEkBK4CZzYTGw57LJFWkXzdFRzpaqGPFD54tuXJHPJt2lMYtQxMzS9qqRB7ywvY2EWLwrbpcaK6oBlMhU6JgA==",
            "license": "MIT",
            "dependencies": {
                "@girs/cairo-1.0": "1.0.0-4.0.0-rc.9",
                "@girs/gio-2.0": "2.88.0-4.0.0-rc.9",
                "@girs/glib-2.0": "2.88.0-4.0.0-rc.9",
                "@girs/gobject-2.0": "2.88.0-4.0.0-rc.9"
            }
        },
        "node_modules/@girs/gl-1.0": {
            "version": "1.0.0-4.0.0-rc.9",
            "resolved": "https://registry.npmjs.org/@girs/gl-1.0/-/gl-1.0-1.0.0-4.0.0-rc.9.tgz",
            "integrity": "sha512-3dLvDGURVM6nSV/WyvuSWCtDwDoZCROAObt8vLSY8erIr7tJL0/ejjXYEM/Fg08iBVUizH5yr51ewEwrHFEyYg==",
            "license": "MIT",
            "dependencies": {
                "@girs/gjs": "4.0.0-rc.9",
                "@girs/gobject-2.0": "2.88.0-4.0.0-rc.9"
            }
        },
        "node_modules/@girs/glib-2.0": {
            "version": "2.88.0-4.0.0-rc.9",
            "resolved": "https://registry.npmjs.org/@girs/glib-2.0/-/glib-2.0-2.88.0-4.0.0-rc.9.tgz",
            "integrity": "sha512-7cclBcQ6sgs/OlyO25GOEutw1959ManLxDMcXQVIYJzOd+rxGkYNULcqkHBfHvxaufog1TDWVQ70e489CB002g==",
            "license": "MIT",
            "dependencies": {
                "@girs/gjs": "4.0.0-rc.9",
                "@girs/gobject-2.0": "2.88.0-4.0.0-rc.9"
            }
        },
        "node_modules/@girs/gmodule-2.0": {
            "version": "2.0.0-4.0.0-rc.9",
            "resolved": "https://registry.npmjs.org/@girs/gmodule-2.0/-/gmodule-2.0-2.0.0-4.0.0-rc.9.tgz",
            "integrity": "sha512-V8PQ0VXVOAStLKheCuWYJRUO5GUpMYmUdSvHuvktQIqJHSehwWOAkuzDBJcgKbMrIpoGjswXKji65Im9UYX1rQ==",
            "license": "MIT",
            "dependencies": {
                "@girs/gjs": "4.0.0-rc.9",
                "@girs/glib-2.0": "2.88.0-4.0.0-rc.9",
                "@girs/gobject-2.0": "2.88.0-4.0.0-rc.9"
            }
        },
        "node_modules/@girs/gnome-shell": {
            "version": "50.0.0",
            "resolved": "https://registry.npmjs.org/@girs/gnome-shell/-/gnome-shell-50.0.0.tgz",
            "integrity": "sha512-ki3VBO/WUvinGRB8lSPa6Rn0qJwEs3cQOvZa/P8MzM/68mujLPy453qVT6fwyMPqHVusAv3JZuj9HnUewx1GeQ==",
            "license": "MIT",
            "dependencies": {
                "@girs/accountsservice-1.0": "^1.0.0-4.0.0-rc.9",
                "@girs/adw-1": "^1.10.0-4.0.0-rc.9",
                "@girs/atk-1.0": "^2.60.0-4.0.0-rc.9",
                "@girs/clutter-18": "^18.0.0-4.0.0-rc.9",
                "@girs/cogl-2.0": "^2.0.0-4.0.0-rc.9",
                "@girs/gcr-4": "^4.4.0-4.0.0-rc.9",
                "@girs/gdm-1.0": "^1.0.0-4.0.0-rc.9",
                "@girs/gio-2.0": "^2.88.0-4.0.0-rc.9",
                "@girs/giounix-2.0": "^2.0.0-4.0.0-rc.9",
                "@girs/gjs": "^4.0.0-rc.9",
                "@girs/glib-2.0": "^2.88.0-4.0.0-rc.9",
                "@girs/gnomebg-4.0": "^4.0.0-4.0.0-rc.9",
                "@girs/gnomebluetooth-3.0": "^3.0.0-4.0.0-rc.9",
                "@girs/gnomedesktop-4.0": "^4.0.0-4.0.0-rc.9",
                "@girs/gobject-2.0": "^2.88.0-4.0.0-rc.9",
                "@girs/gtk-4.0": "^4.23.0-4.0.0-rc.9",
                "@girs/gvc-1.0": "^1.0.0-4.0.0-rc.9",
                "@girs/meta-18": "^18.0.0-4.0.0-rc.9",
                "@girs/mtk-18": "^18.0.0-4.0.0-rc.9",
                "@girs/polkit-1.0": "^1.0.0-4.0.0-rc.9",
                "@girs/shell-18": "^18.0.0-4.0.0-rc.9",
                "@girs/shew-0": "^0.0.0-4.0.0-rc.9",
                "@girs/st-18": "^18.0.0-4.0.0-rc.9",
                "@girs/upowerglib-1.0": "^1.91.1-4.0.0-rc.9"
            }
        },
        "node_modules/@girs/gnomebg-4.0": {
            "version": "4.0.0-4.0.0-rc.9",
            "resolved": "https://registry.npmjs.org/@girs/gnomebg-4.0/-/gnomebg-4.0-4.0.0-4.0.0-rc.9.tgz",
            "integrity": "sha512-JskLEUkDU4EFiiUcmJuVag0HZG8JrqLmWp7g+tThjsVwTqtN6NnfEzynY2OhaEuqzbzyWtorYTElpvcjgGTHhA==",
            "license": "MIT",
            "dependencies": {
                "@girs/cairo-1.0": "1.0.0-4.0.0-rc.9",
                "@girs/freetype2-2.0": "2.0.0-4.0.0-rc.9",
                "@girs/gdesktopenums-3.0": "3.0.0-4.0.0-rc.9",
                "@girs/gdk-4.0": "4.0.0-4.0.0-rc.9",
                "@girs/gdkpixbuf-2.0": "2.0.0-4.0.0-rc.9",
                "@girs/gio-2.0": "2.88.0-4.0.0-rc.9",
                "@girs/gjs": "4.0.0-rc.9",
                "@girs/glib-2.0": "2.88.0-4.0.0-rc.9",
                "@girs/gmodule-2.0": "2.0.0-4.0.0-rc.9",
                "@girs/gnomedesktop-4.0": "4.0.0-4.0.0-rc.9",
                "@girs/gobject-2.0": "2.88.0-4.0.0-rc.9",
                "@girs/harfbuzz-0.0": "13.2.1-4.0.0-rc.9",
                "@girs/pango-1.0": "1.57.1-4.0.0-rc.9",
                "@girs/pangocairo-1.0": "1.0.0-4.0.0-rc.9"
            }
        },
        "node_modules/@girs/gnomebluetooth-3.0": {
            "version": "3.0.0-4.0.0-rc.9",
            "resolved": "https://registry.npmjs.org/@girs/gnomebluetooth-3.0/-/gnomebluetooth-3.0-3.0.0-4.0.0-rc.9.tgz",
            "integrity": "sha512-9o2G+V8/HhxXP/E74Y2MBw+ocENGtKzVzLR3A+EmJZgfncWgJddQvDN3udasKxhriPbWPa8unsElI3mNg4f6vg==",
            "license": "MIT",
            "dependencies": {
                "@girs/gio-2.0": "2.88.0-4.0.0-rc.9",
                "@girs/gjs": "4.0.0-rc.9",
                "@girs/glib-2.0": "2.88.0-4.0.0-rc.9",
                "@girs/gmodule-2.0": "2.0.0-4.0.0-rc.9",
                "@girs/gobject-2.0": "2.88.0-4.0.0-rc.9"
            }
        },
        "node_modules/@girs/gnomedesktop-4.0": {
            "version": "4.0.0-4.0.0-rc.9",
            "resolved": "https://registry.npmjs.org/@girs/gnomedesktop-4.0/-/gnomedesktop-4.0-4.0.0-4.0.0-rc.9.tgz",
            "integrity": "sha512-2vCY79lNR+IcrxT6g0u8vG7g/wLVsWUloryOBmk0BtwabABhfVPJ2xcecHCpmhQwGmutAlhDfxjAxRWgN219mg==",
            "license": "MIT",
            "dependencies": {
                "@girs/gdesktopenums-3.0": "3.0.0-4.0.0-rc.9",
                "@girs/gdkpixbuf-2.0": "2.0.0-4.0.0-rc.9",
                "@girs/gio-2.0": "2.88.0-4.0.0-rc.9",
                "@girs/gjs": "4.0.0-rc.9",
                "@girs/glib-2.0": "2.88.0-4.0.0-rc.9",
                "@girs/gmodule-2.0": "2.0.0-4.0.0-rc.9",
                "@girs/gobject-2.0": "2.88.0-4.0.0-rc.9"
            }
        },
        "node_modules/@girs/gobject-2.0": {
            "version": "2.88.0-4.0.0-rc.9",
            "resolved": "https://registry.npmjs.org/@girs/gobject-2.0/-/gobject-2.0-2.88.0-4.0.0-rc.9.tgz",
            "integrity": "sha512-RdmPZYbFIUDuxMAmRphz6vnOTmigN0pLHx9ALFrYOtR1J7zkpOWlXDDIVgU79xnt+lTwU5q2ptSNcjldWZ217w==",
            "license": "MIT",
            "dependencies": {
                "@girs/gjs": "4.0.0-rc.9",
                "@girs/glib-2.0": "2.88.0-4.0.0-rc.9"
            }
        },
        "node_modules/@girs/graphene-1.0": {
            "version": "1.0.0-4.0.0-rc.9",
            "resolved": "https://registry.npmjs.org/@girs/graphene-1.0/-/graphene-1.0-1.0.0-4.0.0-rc.9.tgz",
            "integrity": "sha512-hVKntJZNi6Aw1BBgomGSWVVPG2CZF2CKPCVWcDdHA3Iry6CXTkLLOC/2dA8m/BOVPoWb9bXxPdeQhDFVkOu/nQ==",
            "license": "MIT",
            "dependencies": {
                "@girs/gjs": "4.0.0-rc.9",
                "@girs/glib-2.0": "2.88.0-4.0.0-rc.9",
                "@girs/gobject-2.0": "2.88.0-4.0.0-rc.9"
            }
        },
        "node_modules/@girs/gsk-4.0": {
            "version": "4.0.0-4.0.0-rc.9",
            "resolved": "https://registry.npmjs.org/@girs/gsk-4.0/-/gsk-4.0-4.0.0-4.0.0-rc.9.tgz",
            "integrity": "sha512-F+fkMmbIswI5aQ4vhsmAnbBqa1goOng6LBFn8JRcFaNswTzHkx8JP8JXPEcsOgvUas12bMYed8niwUyegpOHcA==",
            "license": "MIT",
            "dependencies": {
                "@girs/cairo-1.0": "1.0.0-4.0.0-rc.9",
                "@girs/freetype2-2.0": "2.0.0-4.0.0-rc.9",
                "@girs/gdk-4.0": "4.0.0-4.0.0-rc.9",
                "@girs/gdkpixbuf-2.0": "2.0.0-4.0.0-rc.9",
                "@girs/gio-2.0": "2.88.0-4.0.0-rc.9",
                "@girs/gjs": "4.0.0-rc.9",
                "@girs/glib-2.0": "2.88.0-4.0.0-rc.9",
                "@girs/gmodule-2.0": "2.0.0-4.0.0-rc.9",
                "@girs/gobject-2.0": "2.88.0-4.0.0-rc.9",
                "@girs/graphene-1.0": "1.0.0-4.0.0-rc.9",
                "@girs/harfbuzz-0.0": "13.2.1-4.0.0-rc.9",
                "@girs/pango-1.0": "1.57.1-4.0.0-rc.9",
                "@girs/pangocairo-1.0": "1.0.0-4.0.0-rc.9"
            }
        },
        "node_modules/@girs/gtk-4.0": {
            "version": "4.23.0-4.0.0-rc.9",
            "resolved": "https://registry.npmjs.org/@girs/gtk-4.0/-/gtk-4.0-4.23.0-4.0.0-rc.9.tgz",
            "integrity": "sha512-nh9NHm0RUR7xKrvS47G5r88Wy13L4e+ppxtZIVYEbJyGBmJ8fkn9H/lrDvRVg7/IkXHmVw+Zogo4llDoll/SNw==",
            "license": "MIT",
            "dependencies": {
                "@girs/cairo-1.0": "1.0.0-4.0.0-rc.9",
                "@girs/freetype2-2.0": "2.0.0-4.0.0-rc.9",
                "@girs/gdk-4.0": "4.0.0-4.0.0-rc.9",
                "@girs/gdkpixbuf-2.0": "2.0.0-4.0.0-rc.9",
                "@girs/gio-2.0": "2.88.0-4.0.0-rc.9",
                "@girs/gjs": "4.0.0-rc.9",
                "@girs/glib-2.0": "2.88.0-4.0.0-rc.9",
                "@girs/gmodule-2.0": "2.0.0-4.0.0-rc.9",
                "@girs/gobject-2.0": "2.88.0-4.0.0-rc.9",
                "@girs/graphene-1.0": "1.0.0-4.0.0-rc.9",
                "@girs/gsk-4.0": "4.0.0-4.0.0-rc.9",
                "@girs/harfbuzz-0.0": "13.2.1-4.0.0-rc.9",
                "@girs/pango-1.0": "1.57.1-4.0.0-rc.9",
                "@girs/pangocairo-1.0": "1.0.0-4.0.0-rc.9"
            }
        },
        "node_modules/@girs/gvc-1.0": {
            "version": "1.0.0-4.0.0-rc.9",
            "resolved": "https://registry.npmjs.org/@girs/gvc-1.0/-/gvc-1.0-1.0.0-4.0.0-rc.9.tgz",
            "integrity": "sha512-irlujv9x1vqLMQJ5zA60ktky6JW/+f8RoG4yUE2Olbnraqfw4wZRB84isvMYmqeSOdjRgIQIRLPAdr0Qc8kC/w==",
            "license": "MIT",
            "dependencies": {
                "@girs/gio-2.0": "2.88.0-4.0.0-rc.9",
                "@girs/gjs": "4.0.0-rc.9",
                "@girs/glib-2.0": "2.88.0-4.0.0-rc.9",
                "@girs/gmodule-2.0": "2.0.0-4.0.0-rc.9",
                "@girs/gobject-2.0": "2.88.0-4.0.0-rc.9"
            }
        },
        "node_modules/@girs/harfbuzz-0.0": {
            "version": "13.2.1-4.0.0-rc.9",
            "resolved": "https://registry.npmjs.org/@girs/harfbuzz-0.0/-/harfbuzz-0.0-13.2.1-4.0.0-rc.9.tgz",
            "integrity": "sha512-RNJdg/YlkSmk9F8DY78wJqVtTfo9GRF5LQCpdeLY6Yd9GzMH99P1Be6663wf/XaQyRNh5GGgXSPZSJ7rKlr3uw==",
            "license": "MIT",
            "dependencies": {
                "@girs/freetype2-2.0": "2.0.0-4.0.0-rc.9",
                "@girs/gjs": "4.0.0-rc.9",
                "@girs/glib-2.0": "2.88.0-4.0.0-rc.9",
                "@girs/gobject-2.0": "2.88.0-4.0.0-rc.9"
            }
        },
        "node_modules/@girs/meta-18": {
            "version": "18.0.0-4.0.0-rc.9",
            "resolved": "https://registry.npmjs.org/@girs/meta-18/-/meta-18-18.0.0-4.0.0-rc.9.tgz",
            "integrity": "sha512-B1tH6ddFAFJCUd9dtgshBuwe6SlL6z1cptgvR0ndGSmjPFifoBx/+JzVYi/SBd3r72kfMu2pVAWhB9NLkMPciA==",
            "license": "MIT",
            "dependencies": {
                "@girs/atk-1.0": "2.60.0-4.0.0-rc.9",
                "@girs/cairo-1.0": "1.0.0-4.0.0-rc.9",
                "@girs/clutter-18": "18.0.0-4.0.0-rc.9",
                "@girs/cogl-18": "18.0.0-4.0.0-rc.9",
                "@girs/freetype2-2.0": "2.0.0-4.0.0-rc.9",
                "@girs/gdesktopenums-3.0": "3.0.0-4.0.0-rc.9",
                "@girs/gio-2.0": "2.88.0-4.0.0-rc.9",
                "@girs/gjs": "4.0.0-rc.9",
                "@girs/gl-1.0": "1.0.0-4.0.0-rc.9",
                "@girs/glib-2.0": "2.88.0-4.0.0-rc.9",
                "@girs/gmodule-2.0": "2.0.0-4.0.0-rc.9",
                "@girs/gobject-2.0": "2.88.0-4.0.0-rc.9",
                "@girs/graphene-1.0": "1.0.0-4.0.0-rc.9",
                "@girs/harfbuzz-0.0": "13.2.1-4.0.0-rc.9",
                "@girs/mtk-18": "18.0.0-4.0.0-rc.9",
                "@girs/pango-1.0": "1.57.1-4.0.0-rc.9",
                "@girs/xfixes-4.0": "4.0.0-4.0.0-rc.9",
                "@girs/xlib-2.0": "2.0.0-4.0.0-rc.9"
            }
        },
        "node_modules/@girs/mtk-18": {
            "version": "18.0.0-4.0.0-rc.9",
            "resolved": "https://registry.npmjs.org/@girs/mtk-18/-/mtk-18-18.0.0-4.0.0-rc.9.tgz",
            "integrity": "sha512-RZNogW9fXniYULnehd1L90oC6mauFZwI8Kzvc0kNAfddmYu7wTWW0Nk5Ksa99F5zlAcLEps8zAVsjv/Z6b4l9A==",
            "license": "MIT",
            "dependencies": {
                "@girs/gjs": "4.0.0-rc.9",
                "@girs/glib-2.0": "2.88.0-4.0.0-rc.9",
                "@girs/gobject-2.0": "2.88.0-4.0.0-rc.9",
                "@girs/graphene-1.0": "1.0.0-4.0.0-rc.9"
            }
        },
        "node_modules/@girs/nm-1.0": {
            "version": "1.56.0-4.0.0-rc.9",
            "resolved": "https://registry.npmjs.org/@girs/nm-1.0/-/nm-1.0-1.56.0-4.0.0-rc.9.tgz",
            "integrity": "sha512-DL3u2q9P76fD+rwb73tPNczaCd3NtvOpOQyW2y8z+PzlqPWGRcmFX3UM6pYI5oStFutzRkp4Wj/Fb9uA+bOJ6Q==",
            "license": "MIT",
            "dependencies": {
                "@girs/gio-2.0": "2.88.0-4.0.0-rc.9",
                "@girs/gjs": "4.0.0-rc.9",
                "@girs/glib-2.0": "2.88.0-4.0.0-rc.9",
                "@girs/gmodule-2.0": "2.0.0-4.0.0-rc.9",
                "@girs/gobject-2.0": "2.88.0-4.0.0-rc.9"
            }
        },
        "node_modules/@girs/pango-1.0": {
            "version": "1.57.1-4.0.0-rc.9",
            "resolved": "https://registry.npmjs.org/@girs/pango-1.0/-/pango-1.0-1.57.1-4.0.0-rc.9.tgz",
            "integrity": "sha512-qIPTkYK6RvCzolkkl6Kqdq/1wmAjCjj9VvFjGAlf/rRC8sjk006E/t3vtfQsQdvFE+/cFxBmpKBt6gjP/ebRYg==",
            "license": "MIT",
            "dependencies": {
                "@girs/cairo-1.0": "1.0.0-4.0.0-rc.9",
                "@girs/freetype2-2.0": "2.0.0-4.0.0-rc.9",
                "@girs/gio-2.0": "2.88.0-4.0.0-rc.9",
                "@girs/gjs": "4.0.0-rc.9",
                "@girs/glib-2.0": "2.88.0-4.0.0-rc.9",
                "@girs/gmodule-2.0": "2.0.0-4.0.0-rc.9",
                "@girs/gobject-2.0": "2.88.0-4.0.0-rc.9",
                "@girs/harfbuzz-0.0": "13.2.1-4.0.0-rc.9"
            }
        },
        "node_modules/@girs/pangocairo-1.0": {
            "version": "1.0.0-4.0.0-rc.9",
            "resolved": "https://registry.npmjs.org/@girs/pangocairo-1.0/-/pangocairo-1.0-1.0.0-4.0.0-rc.9.tgz",
            "integrity": "sha512-zvQiX6YGg8Lg8C9nnW2dXqqqiey4DljPwfE/WhZPAeU/IGuBxQK+2Xs2Ym0dEEVML5Rkf7cuRWjg1TFAOVh+ng==",
            "license": "MIT",
            "dependencies": {
                "@girs/cairo-1.0": "1.0.0-4.0.0-rc.9",
                "@girs/freetype2-2.0": "2.0.0-4.0.0-rc.9",
                "@girs/gio-2.0": "2.88.0-4.0.0-rc.9",
                "@girs/gjs": "4.0.0-rc.9",
                "@girs/glib-2.0": "2.88.0-4.0.0-rc.9",
                "@girs/gmodule-2.0": "2.0.0-4.0.0-rc.9",
                "@girs/gobject-2.0": "2.88.0-4.0.0-rc.9",
                "@girs/harfbuzz-0.0": "13.2.1-4.0.0-rc.9",
                "@girs/pango-1.0": "1.57.1-4.0.0-rc.9"
            }
        },
        "node_modules/@girs/polkit-1.0": {
            "version": "1.0.0-4.0.0-rc.9",
            "resolved": "https://registry.npmjs.org/@girs/polkit-1.0/-/polkit-1.0-1.0.0-4.0.0-rc.9.tgz",
            "integrity": "sha512-pI033V7ALtm4Xu5vZLVsekvP+iCFgbNlhErmmgTZoEnNjsGBS1TFlR1V6ty633MzPGKjoohBiCJCIVmWXr6hiw==",
            "license": "MIT",
            "dependencies": {
                "@girs/gio-2.0": "2.88.0-4.0.0-rc.9",
                "@girs/gjs": "4.0.0-rc.9",
                "@girs/glib-2.0": "2.88.0-4.0.0-rc.9",
                "@girs/gmodule-2.0": "2.0.0-4.0.0-rc.9",
                "@girs/gobject-2.0": "2.88.0-4.0.0-rc.9"
            }
        },
        "node_modules/@girs/polkitagent-1.0": {
            "version": "1.0.0-4.0.0-rc.9",
            "resolved": "https://registry.npmjs.org/@girs/polkitagent-1.0/-/polkitagent-1.0-1.0.0-4.0.0-rc.9.tgz",
            "integrity": "sha512-FxMTRAaHtDeKM+wnIBm/33NVmul+kCTpfP3p4eShMllGL+vSS5Sz9y5/PKzD0lE9dCUJ9JYOUshgQXvTE/bDWg==",
            "license": "MIT",
            "dependencies": {
                "@girs/gio-2.0": "2.88.0-4.0.0-rc.9",
                "@girs/gjs": "4.0.0-rc.9",
                "@girs/glib-2.0": "2.88.0-4.0.0-rc.9",
                "@girs/gmodule-2.0": "2.0.0-4.0.0-rc.9",
                "@girs/gobject-2.0": "2.88.0-4.0.0-rc.9",
                "@girs/polkit-1.0": "1.0.0-4.0.0-rc.9"
            }
        },
        "node_modules/@girs/shell-18": {
            "version": "18.0.0-4.0.0-rc.9",
            "resolved": "https://registry.npmjs.org/@girs/shell-18/-/shell-18-18.0.0-4.0.0-rc.9.tgz",
            "integrity": "sha512-xss5m61UlvhZfz2r/ORnzmQzo33T48Wqbq+TsW1/IRV1i7BRK9mZVbNpKHvrdSfH8B5Vd8Awsqx4grxn6su5Lw==",
            "license": "MIT",
            "dependencies": {
                "@girs/atk-1.0": "2.60.0-4.0.0-rc.9",
                "@girs/cairo-1.0": "1.0.0-4.0.0-rc.9",
                "@girs/clutter-18": "18.0.0-4.0.0-rc.9",
                "@girs/cogl-18": "18.0.0-4.0.0-rc.9",
                "@girs/freetype2-2.0": "2.0.0-4.0.0-rc.9",
                "@girs/gck-2": "4.4.0-4.0.0-rc.9",
                "@girs/gcr-4": "4.4.0-4.0.0-rc.9",
                "@girs/gdesktopenums-3.0": "3.0.0-4.0.0-rc.9",
                "@girs/gdkpixbuf-2.0": "2.0.0-4.0.0-rc.9",
                "@girs/gio-2.0": "2.88.0-4.0.0-rc.9",
                "@girs/giounix-2.0": "2.0.0-4.0.0-rc.9",
                "@girs/gjs": "4.0.0-rc.9",
                "@girs/gl-1.0": "1.0.0-4.0.0-rc.9",
                "@girs/glib-2.0": "2.88.0-4.0.0-rc.9",
                "@girs/gmodule-2.0": "2.0.0-4.0.0-rc.9",
                "@girs/gobject-2.0": "2.88.0-4.0.0-rc.9",
                "@girs/graphene-1.0": "1.0.0-4.0.0-rc.9",
                "@girs/gvc-1.0": "1.0.0-4.0.0-rc.9",
                "@girs/harfbuzz-0.0": "13.2.1-4.0.0-rc.9",
                "@girs/meta-18": "18.0.0-4.0.0-rc.9",
                "@girs/mtk-18": "18.0.0-4.0.0-rc.9",
                "@girs/nm-1.0": "1.56.0-4.0.0-rc.9",
                "@girs/pango-1.0": "1.57.1-4.0.0-rc.9",
                "@girs/polkit-1.0": "1.0.0-4.0.0-rc.9",
                "@girs/polkitagent-1.0": "1.0.0-4.0.0-rc.9",
                "@girs/st-18": "18.0.0-4.0.0-rc.9",
                "@girs/xfixes-4.0": "4.0.0-4.0.0-rc.9",
                "@girs/xlib-2.0": "2.0.0-4.0.0-rc.9"
            }
        },
        "node_modules/@girs/shew-0": {
            "version": "0.0.0-4.0.0-rc.9",
            "resolved": "https://registry.npmjs.org/@girs/shew-0/-/shew-0-0.0.0-4.0.0-rc.9.tgz",
            "integrity": "sha512-uxRFPv5JQ7jXZQv0y0xc29fzli3YjWZXQYf6KKGzr41cWbMkrXRRj3w0C8iPpSvTm+11DYozte8bkT2C2t2vTA==",
            "license": "MIT",
            "dependencies": {
                "@girs/cairo-1.0": "1.0.0-4.0.0-rc.9",
                "@girs/freetype2-2.0": "2.0.0-4.0.0-rc.9",
                "@girs/gdk-4.0": "4.0.0-4.0.0-rc.9",
                "@girs/gdkpixbuf-2.0": "2.0.0-4.0.0-rc.9",
                "@girs/gio-2.0": "2.88.0-4.0.0-rc.9",
                "@girs/gjs": "4.0.0-rc.9",
                "@girs/glib-2.0": "2.88.0-4.0.0-rc.9",
                "@girs/gmodule-2.0": "2.0.0-4.0.0-rc.9",
                "@girs/gobject-2.0": "2.88.0-4.0.0-rc.9",
                "@girs/graphene-1.0": "1.0.0-4.0.0-rc.9",
                "@girs/gsk-4.0": "4.0.0-4.0.0-rc.9",
                "@girs/gtk-4.0": "4.23.0-4.0.0-rc.9",
                "@girs/harfbuzz-0.0": "13.2.1-4.0.0-rc.9",
                "@girs/pango-1.0": "1.57.1-4.0.0-rc.9",
                "@girs/pangocairo-1.0": "1.0.0-4.0.0-rc.9"
            }
        },
        "node_modules/@girs/st-18": {
            "version": "18.0.0-4.0.0-rc.9",
            "resolved": "https://registry.npmjs.org/@girs/st-18/-/st-18-18.0.0-4.0.0-rc.9.tgz",
            "integrity": "sha512-ixhU9uzWxFuKWsTVWxxgLFdSg467mSOnpCv4xOCM0+rvEUvJ2okx5uhWB7bM5fkIf1ovVIYPuP0x5v0wmEaZRw==",
            "license": "MIT",
            "dependencies": {
                "@girs/atk-1.0": "2.60.0-4.0.0-rc.9",
                "@girs/cairo-1.0": "1.0.0-4.0.0-rc.9",
                "@girs/clutter-18": "18.0.0-4.0.0-rc.9",
                "@girs/cogl-18": "18.0.0-4.0.0-rc.9",
                "@girs/freetype2-2.0": "2.0.0-4.0.0-rc.9",
                "@girs/gdesktopenums-3.0": "3.0.0-4.0.0-rc.9",
                "@girs/gdkpixbuf-2.0": "2.0.0-4.0.0-rc.9",
                "@girs/gio-2.0": "2.88.0-4.0.0-rc.9",
                "@girs/gjs": "4.0.0-rc.9",
                "@girs/gl-1.0": "1.0.0-4.0.0-rc.9",
                "@girs/glib-2.0": "2.88.0-4.0.0-rc.9",
                "@girs/gmodule-2.0": "2.0.0-4.0.0-rc.9",
                "@girs/gobject-2.0": "2.88.0-4.0.0-rc.9",
                "@girs/graphene-1.0": "1.0.0-4.0.0-rc.9",
                "@girs/harfbuzz-0.0": "13.2.1-4.0.0-rc.9",
                "@girs/meta-18": "18.0.0-4.0.0-rc.9",
                "@girs/mtk-18": "18.0.0-4.0.0-rc.9",
                "@girs/pango-1.0": "1.57.1-4.0.0-rc.9",
                "@girs/xfixes-4.0": "4.0.0-4.0.0-rc.9",
                "@girs/xlib-2.0": "2.0.0-4.0.0-rc.9"
            }
        },
        "node_modules/@girs/upowerglib-1.0": {
            "version": "1.91.1-4.0.0-rc.9",
            "resolved": "https://registry.npmjs.org/@girs/upowerglib-1.0/-/upowerglib-1.0-1.91.1-4.0.0-rc.9.tgz",
            "integrity": "sha512-CBH7QfDMZ4eSJLbdobaKgF6qYPRs0AZf0AVPI387FI+xVdv/cfv2v0e34e88ZlDdDYSX4Q+ZrZnnxuO3nfjVkQ==",
            "license": "MIT",
            "dependencies": {
                "@girs/gio-2.0": "2.88.0-4.0.0-rc.9",
                "@girs/gjs": "4.0.0-rc.9",
                "@girs/glib-2.0": "2.88.0-4.0.0-rc.9",
                "@girs/gmodule-2.0": "2.0.0-4.0.0-rc.9",
                "@girs/gobject-2.0": "2.88.0-4.0.0-rc.9"
            }
        },
        "node_modules/@girs/xfixes-4.0": {
            "version": "4.0.0-4.0.0-rc.9",
            "resolved": "https://registry.npmjs.org/@girs/xfixes-4.0/-/xfixes-4.0-4.0.0-4.0.0-rc.9.tgz",
            "integrity": "sha512-16G3hIkM8ermzg5wqA3Hn4dpB07MFFp3NkNmAaQW6y8isTezk+N5rYA+MXUVwKfFFngSwwY8zEspZs7I+r71aQ==",
            "license": "MIT",
            "dependencies": {
                "@girs/gjs": "4.0.0-rc.9",
                "@girs/gobject-2.0": "2.88.0-4.0.0-rc.9"
            }
        },
        "node_modules/@girs/xlib-2.0": {
            "version": "2.0.0-4.0.0-rc.9",
            "resolved": "https://registry.npmjs.org/@girs/xlib-2.0/-/xlib-2.0-2.0.0-4.0.0-rc.9.tgz",
            "integrity": "sha512-DeZWf8K5YShAVAvwTRMcBv9TXfdTps06kohAFZlc3jj4JFCOGASIQOHhUapLab5d0YBDvRBN/n21M8Jictu6Ng==",
            "license": "MIT",
            "dependencies": {
                "@girs/gjs": "4.0.0-rc.9",
                "@girs/gobject-2.0": "2.88.0-4.0.0-rc.9"
            }
        },
        "node_modules/typescript": {
            "version": "6.0.3",
            "resolved": "https://registry.npmjs.org/typescript/-/typescript-6.0.3.tgz",
            "integrity": "sha512-y2TvuxSZPDyQakkFRPZHKFm+KKVqIisdg9/CZwm9ftvKXLP8NRWj38/ODjNbr43SsoXqNuAisEf1GdCxqWcdBw==",
            "dev": true,
            "license": "Apache-2.0",
            "bin": {
                "tsc": "bin/tsc",
                "tsserver": "bin/tsserver"
            },
            "engines": {
                "node": ">=14.17"
            }
        }
    }
}
